
Microsoft Visual Studio Solution File, Format Version 12.00
# Visual Studio Version 16
VisualStudioVersion = 16.0.29201.188
MinimumVisualStudioVersion = 10.0.40219.1
Project("{FAE04EC0-301F-11D3-BF4B-00C04F79EFBC}") = "WebApplication1", "WebApplication1\WebApplication1.csproj", "{BA664878-2DB7-47AA-B17A-13F2AB81D834}"
EndProject
Global
	GlobalSection(SolutionConfigurationPlatforms) = preSolution
		Debug|Any CPU = Debug|Any CPU
		Release|Any CPU = Release|Any CPU
	EndGlobalSection
	GlobalSection(ProjectConfigurationPlatforms) = postSolution
		{BA664878-2DB7-47AA-B17A-13F2AB81D834}.Debug|Any CPU.ActiveCfg = Debug|Any CPU
		{BA664878-2DB7-47AA-B17A-13F2AB81D834}.Debug|Any CPU.Build.0 = Debug|Any CPU
		{BA664878-2DB7-47AA-B17A-13F2AB81D834}.Release|Any CPU.ActiveCfg = Release|Any CPU
		{BA664878-2DB7-47AA-B17A-13F2AB81D834}.Release|Any CPU.Build.0 = Release|Any CPU
	EndGlobalSection
	GlobalSection(SolutionProperties) = preSolution
		HideSolutionNode = FALSE
	EndGlobalSection
	GlobalSection(ExtensibilityGlobals) = postSolution
		SolutionGuid = {43CA6DCB-AA7E-46AD-8ABA-85875B41261F}
	EndGlobalSection
EndGlobal
